
Microsoft Visual Studio Solution File, Format Version 12.00
# Visual Studio Version 17
VisualStudioVersion = 17.9.34723.18
MinimumVisualStudioVersion = 10.0.40219.1
Project("{FAE04EC0-301F-11D3-BF4B-00C04F79EFBC}") = "DotNetTestApp_Web", "DotNetTestApp_Web\DotNetTestApp_Web.csproj", "{CAFF6E20-8F3B-4CDF-B2B8-9BA33A6C79EE}"
EndProject
Global
	GlobalSection(SolutionConfigurationPlatforms) = preSolution
		Debug|Any CPU = Debug|Any CPU
		Release|Any CPU = Release|Any CPU
	EndGlobalSection
	GlobalSection(ProjectConfigurationPlatforms) = postSolution
		{CAFF6E20-8F3B-4CDF-B2B8-9BA33A6C79EE}.Debug|Any CPU.ActiveCfg = Debug|Any CPU
		{CAFF6E20-8F3B-4CDF-B2B8-9BA33A6C79EE}.Debug|Any CPU.Build.0 = Debug|Any CPU
		{CAFF6E20-8F3B-4CDF-B2B8-9BA33A6C79EE}.Release|Any CPU.ActiveCfg = Release|Any CPU
		{CAFF6E20-8F3B-4CDF-B2B8-9BA33A6C79EE}.Release|Any CPU.Build.0 = Release|Any CPU
	EndGlobalSection
	GlobalSection(SolutionProperties) = preSolution
		HideSolutionNode = FALSE
	EndGlobalSection
	GlobalSection(ExtensibilityGlobals) = postSolution
		SolutionGuid = {CC0EC920-AA14-463A-BE90-7EC50A1C7ADA}
	EndGlobalSection
EndGlobal
